// !$*UTF8*$!
{
	archiveVersion = 1;
	classes = {
	};
	objectVersion = 46;
	objects = {

/* Begin PBXBuildFile section */
		D6366A491E33820B009324DC /* main.m in Sources */ = {isa = PBXBuildFile; fileRef = D6366A481E33820B009324DC /* main.m */; };
		D6366A4C1E33820B009324DC /* AppDelegate.m in Sources */ = {isa = PBXBuildFile; fileRef = D6366A4B1E33820B009324DC /* AppDelegate.m */; };
		D6366A4F1E33820B009324DC /* ViewController.m in Sources */ = {isa = PBXBuildFile; fileRef = D6366A4E1E33820B009324DC /* ViewController.m */; };
		D6366A521E33820B009324DC /* Main.storyboard in Resources */ = {isa = PBXBuildFile; fileRef = D6366A501E33820B009324DC /* Main.storyboard */; };
		D6366A541E33820B009324DC /* Assets.xcassets in Resources */ = {isa = PBXBuildFile; fileRef = D6366A531E33820B009324DC /* Assets.xcassets */; };
		D6366A571E33820B009324DC /* LaunchScreen.storyboard in Resources */ = {isa = PBXBuildFile; fileRef = D6366A551E33820B009324DC /* LaunchScreen.storyboard */; };
/* End PBXBuildFile section */

/* Begin PBXFileReference section */
		D6366A441E33820B009324DC /* NtoSuspended.app */ = {isa = PBXFileReference; explicitFileType = wrapper.application; includeInIndex = 0; path = NtoSuspended.app; sourceTree = BUILT_PRODUCTS_DIR; };
		D6366A481E33820B009324DC /* main.m */ = {isa = PBXFileReference; lastKnownFileType = sourcecode.c.objc; path = main.m; sourceTree = "<group>"; };
		D6366A4A1E33820B009324DC /* AppDelegate.h */ = {isa = PBXFileReference; lastKnownFileType = sourcecode.c.h; path = AppDelegate.h; sourceTree = "<group>"; };
		D6366A4B1E33820B009324DC /* AppDelegate.m */ = {isa = PBXFileReference; lastKnownFileType = sourcecode.c.objc; path = AppDelegate.m; sourceTree = "<group>"; };
		D6366A4D1E33820B009324DC /* ViewController.h */ = {isa = PBXFileReference; lastKnownFileType = sourcecode.c.h; path = ViewController.h; sourceTree = "<group>"; };
		D6366A4E1E33820B009324DC /* ViewController.m */ = {isa = PBXFileReference; lastKnownFileType = sourcecode.c.objc; path = ViewController.m; sourceTree = "<group>"; };
		D6366A511E33820B009324DC /* Base */ = {isa = PBXFileReference; lastKnownFileType = file.storyboard; name = Base; path = Base.lproj/Main.storyboard; sourceTree = "<group>"; };
		D6366A531E33820B009324DC /* Assets.xcassets */ = {isa = PBXFileReference; lastKnownFileType = folder.assetcatalog; path = Assets.xcassets; sourceTree = "<group>"; };
		D6366A561E33820B009324DC /* Base */ = {isa = PBXFileReference; lastKnownFileType = file.storyboard; name = Base; path = Base.lproj/LaunchScreen.storyboard; sourceTree = "<group>"; };
		D6366A581E33820B009324DC /* Info.plist */ = {isa = PBXFileReference; lastKnownFileType = text.plist.xml; path = Info.plist; sourceTree = "<group>"; };
/* End PBXFileReference section */

/* Begin PBXFrameworksBuildPhase section */
		D6366A411E33820B009324DC /* Frameworks */ = {
			isa = PBXFrameworksBuildPhase;
			buildActionMask = 2147483647;
			files = (
			);
			runOnlyForDeploymentPostprocessing = 0;
		};
/* End PBXFrameworksBuildPhase section */

/* Begin PBXGroup section */
		D6366A3B1E33820B009324DC = {
			isa = PBXGroup;
			children = (
				D6366A461E33820B009324DC /* NtoSuspended */,
				D6366A451E33820B009324DC /* Products */,
			);
			sourceTree = "<group>";
		};
		D6366A451E33820B009324DC /* Products */ = {
			isa = PBXGroup;
			children = (
				D6366A441E33820B009324DC /* NtoSuspended.app */,
			);
			name = Products;
			sourceTree = "<group>";
		};
		D6366A461E33820B009324DC /* NtoSuspended */ = {
			isa = PBXGroup;
			children = (
				D6366A4A1E33820B009324DC /* AppDelegate.h */,
				D6366A4B1E33820B009324DC /* AppDelegate.m */,
				D6366A4D1E33820B009324DC /* ViewController.h */,
				D6366A4E1E33820B009324DC /* ViewController.m */,
				D6366A501E33820B009324DC /* Main.storyboard */,
				D6366A531E33820B009324DC /* Assets.xcassets */,
				D6366A551E33820B009324DC /* LaunchScreen.storyboard */,
				D6366A581E33820B009324DC /* Info.plist */,
				D6366A471E33820B009324DC /* Supporting Files */,
			);
			path = NtoSuspended;
			sourceTree = "<group>";
		};
		D6366A471E33820B009324DC /* Supporting Files */ = {
			isa = PBXGroup;
			children = (
				D6366A481E33820B009324DC /* main.m */,
			);
			name = "Supporting Files";
			sourceTree = "<group>";
		};
/* End PBXGroup section */

/* Begin PBXNativeTarget section */
		D6366A431E33820B009324DC /* NtoSuspended */ = {
			isa = PBXNativeTarget;
			buildConfigurationList = D6366A5B1E33820B009324DC /* Build configuration list for PBXNativeTarget "NtoSuspended" */;
			buildPhases = (
				D6366A401E33820B009324DC /* Sources */,
				D6366A411E33820B009324DC /* Frameworks */,
				D6366A421E33820B009324DC /* Resources */,
			);
			buildRules = (
			);
			dependencies = (
			);
			name = NtoSuspended;
			productName = NtoSuspended;
			productReference = D6366A441E33820B009324DC /* NtoSuspended.app */;
			productType = "com.apple.product-type.application";
		};
/* End PBXNativeTarget section */

/* Begin PBXProject section */
		D6366A3C1E33820B009324DC /* Project object */ = {
			isa = PBXProject;
			attributes = {
				LastUpgradeCheck = 0820;
				ORGANIZATIONNAME = "Sayee Intelligent Technology";
				TargetAttributes = {
					D6366A431E33820B009324DC = {
						CreatedOnToolsVersion = 8.2.1;
						ProvisioningStyle = Automatic;
					};
				};
			};
			buildConfigurationList = D6366A3F1E33820B009324DC /* Build configuration list for PBXProject "NtoSuspended" */;
			compatibilityVersion = "Xcode 3.2";
			developmentRegion = English;
			hasScannedForEncodings = 0;
			knownRegions = (
				en,
				Base,
			);
			mainGroup = D6366A3B1E33820B009324DC;
			productRefGroup = D6366A451E33820B009324DC /* Products */;
			projectDirPath = "";
			projectRoot = "";
			targets = (
				D6366A431E33820B009324DC /* NtoSuspended */,
			);
		};
/* End PBXProject section */

/* Begin PBXResourcesBuildPhase section */
		D6366A421E33820B009324DC /* Resources */ = {
			isa = PBXResourcesBuildPhase;
			buildActionMask = 2147483647;
			files = (
				D6366A571E33820B009324DC /* LaunchScreen.storyboard in Resources */,
				D6366A541E33820B009324DC /* Assets.xcassets in Resources */,
				D6366A521E33820B009324DC /* Main.storyboard in Resources */,
			);
			runOnlyForDeploymentPostprocessing = 0;
		};
/* End PBXResourcesBuildPhase section */

/* Begin PBXSourcesBuildPhase section */
		D6366A401E33820B009324DC /* Sources */ = {
			isa = PBXSourcesBuildPhase;
			buildActionMask = 2147483647;
			files = (
				D6366A4F1E33820B009324DC /* ViewController.m in Sources */,
				D6366A4C1E33820B009324DC /* AppDelegate.m in Sources */,
				D6366A491E33820B009324DC /* main.m in Sources */,
			);
			runOnlyForDeploymentPostprocessing = 0;
		};
/* End PBXSourcesBuildPhase section */

/* Begin PBXVariantGroup section */
		D6366A501E33820B009324DC /* Main.storyboard */ = {
			isa = PBXVariantGroup;
			children = (
				D6366A511E33820B009324DC /* Base */,
			);
			name = Main.storyboard;
			sourceTree = "<group>";
		};
		D6366A551E33820B009324DC /* LaunchScreen.storyboard */ = {
			isa = PBXVariantGroup;
			children = (
				D6366A561E33820B009324DC /* Base */,
			);
			name = LaunchScreen.storyboard;
			sourceTree = "<group>";
		};
/* End PBXVariantGroup section */

/* Begin XCBuildConfiguration section */
		D6366A591E33820B009324DC /* Debug */ = {
			isa = XCBuildConfiguration;
			buildSettings = {
				ALWAYS_SEARCH_USER_PATHS = NO;
				CLANG_ANALYZER_NONNULL = YES;
				CLANG_CXX_LANGUAGE_STANDARD = "gnu++0x";
				CLANG_CXX_LIBRARY = "libc++";
				CLANG_ENABLE_MODULES = YES;
				CLANG_ENABLE_OBJC_ARC = YES;
				CLANG_WARN_BOOL_CONVERSION = YES;
				CLANG_WARN_CONSTANT_CONVERSION = YES;
				CLANG_WARN_DIRECT_OBJC_ISA_USAGE = YES_ERROR;
				CLANG_WARN_DOCUMENTATION_COMMENTS = YES;
				CLANG_WARN_EMPTY_BODY = YES;
				CLANG_WARN_ENUM_CONVERSION = YES;
				CLANG_WARN_INFINITE_RECURSION = YES;
				CLANG_WARN_INT_CONVERSION = YES;
				CLANG_WARN_OBJC_ROOT_CLASS = YES_ERROR;
				CLANG_WARN_SUSPICIOUS_MOVE = YES;
				CLANG_WARN_UNREACHABLE_CODE = YES;
				CLANG_WARN__DUPLICATE_METHOD_MATCH = YES;
				"CODE_SIGN_IDENTITY[sdk=iphoneos*]" = "iPhone Developer";
				COPY_PHASE_STRIP = NO;
				DEBUG_INFORMATION_FORMAT = dwarf;
				ENABLE_STRICT_OBJC_MSGSEND = YES;
				ENABLE_TESTABILITY = YES;
				GCC_C_LANGUAGE_STANDARD = gnu99;
				GCC_DYNAMIC_NO_PIC = NO;
				GCC_NO_COMMON_BLOCKS = YES;
				GCC_OPTIMIZATION_LEVEL = 0;
				GCC_PREPROCESSOR_DEFINITIONS = (
					"DEBUG=1",
					"$(inherited)",
				);
				GCC_WARN_64_TO_32_BIT_CONVERSION = YES;
				GCC_WARN_ABOUT_RETURN_TYPE = YES_ERROR;
				GCC_WARN_UNDECLARED_SELECTOR = YES;
				GCC_WARN_UNINITIALIZED_AUTOS = YES_AGGRESSIVE;
				GCC_WARN_UNUSED_FUNCTION = YES;
				GCC_WARN_UNUSED_VARIABLE = YES;
				IPHONEOS_DEPLOYMENT_TARGET = 10.2;
				MTL_ENABLE_DEBUG_INFO = YES;
				ONLY_ACTIVE_ARCH = YES;
				SDKROOT = iphoneos;
				TARGETED_DEVICE_FAMILY = "1,2";
			};
			name = Debug;
		};
		D6366A5A1E33820B009324DC /* Release */ = {
			isa = XCBuildConfiguration;
			buildSettings = {
				ALWAYS_SEARCH_USER_PATHS = NO;
				CLANG_ANALYZER_NONNULL = YES;
				CLANG_CXX_LANGUAGE_STANDARD = "gnu++0x";
				CLANG_CXX_LIBRARY = "libc++";
				CLANG_ENABLE_MODULES = YES;
				CLANG_ENABLE_OBJC_ARC = YES;
				CLANG_WARN_BOOL_CONVERSION = YES;
				CLANG_WARN_CONSTANT_CONVERSION = YES;
				CLANG_WARN_DIRECT_OBJC_ISA_USAGE = YES_ERROR;
				CLANG_WARN_DOCUMENTATION_COMMENTS = YES;
				CLANG_WARN_EMPTY_BODY = YES;
				CLANG_WARN_ENUM_CONVERSION = YES;
				CLANG_WARN_INFINITE_RECURSION = YES;
				CLANG_WARN_INT_CONVERSION = YES;
				CLANG_WARN_OBJC_ROOT_CLASS = YES_ERROR;
				CLANG_WARN_SUSPICIOUS_MOVE = YES;
				CLANG_WARN_UNREACHABLE_CODE = YES;
				CLANG_WARN__DUPLICATE_METHOD_MATCH = YES;
				"CODE_SIGN_IDENTITY[sdk=iphoneos*]" = "iPhone Developer";
				COPY_PHASE_STRIP = NO;
				DEBUG_INFORMATION_FORMAT = "dwarf-with-dsym";
				ENABLE_NS_ASSERTIONS = NO;
				ENABLE_STRICT_OBJC_MSGSEND = YES;
				GCC_C_LANGUAGE_STANDARD = gnu99;
				GCC_NO_COMMON_BLOCKS = YES;
				GCC_WARN_64_TO_32_BIT_CONVERSION = YES;
				GCC_WARN_ABOUT_RETURN_TYPE = YES_ERROR;
				GCC_WARN_UNDECLARED_SELECTOR = YES;
				GCC_WARN_UNINITIALIZED_AUTOS = YES_AGGRESSIVE;
				GCC_WARN_UNUSED_FUNCTION = YES;
				GCC_WARN_UNUSED_VARIABLE = YES;
				IPHONEOS_DEPLOYMENT_TARGET = 10.2;
				MTL_ENABLE_DEBUG_INFO = NO;
				SDKROOT = iphoneos;
				TARGETED_DEVICE_FAMILY = "1,2";
				VALIDATE_PRODUCT = YES;
			};
			name = Release;
		};
		D6366A5C1E33820B009324DC /* Debug */ = {
			isa = XCBuildConfiguration;
			buildSettings = {
				ASSETCATALOG_COMPILER_APPICON_NAME = AppIcon;
				INFOPLIST_FILE = NtoSuspended/Info.plist;
				LD_RUNPATH_SEARCH_PATHS = "$(inherited) @executable_path/Frameworks";
				PRODUCT_BUNDLE_IDENTIFIER = com.sayee.www.NtoSuspended;
				PRODUCT_NAME = "$(TARGET_NAME)";
			};
			name = Debug;
		};
		D6366A5D1E33820B009324DC /* Release */ = {
			isa = XCBuildConfiguration;
			buildSettings = {
				ASSETCATALOG_COMPILER_APPICON_NAME = AppIcon;
				INFOPLIST_FILE = NtoSuspended/Info.plist;
				LD_RUNPATH_SEARCH_PATHS = "$(inherited) @executable_path/Frameworks";
				PRODUCT_BUNDLE_IDENTIFIER = com.sayee.www.NtoSuspended;
				PRODUCT_NAME = "$(TARGET_NAME)";
			};
			name = Release;
		};
/* End XCBuildConfiguration section */

/* Begin XCConfigurationList section */
		D6366A3F1E33820B009324DC /* Build configuration list for PBXProject "NtoSuspended" */ = {
			isa = XCConfigurationList;
			buildConfigurations = (
				D6366A591E33820B009324DC /* Debug */,
				D6366A5A1E33820B009324DC /* Release */,
			);
			defaultConfigurationIsVisible = 0;
			defaultConfigurationName = Release;
		};
		D6366A5B1E33820B009324DC /* Build configuration list for PBXNativeTarget "NtoSuspended" */ = {
			isa = XCConfigurationList;
			buildConfigurations = (
				D6366A5C1E33820B009324DC /* Debug */,
				D6366A5D1E33820B009324DC /* Release */,
			);
			defaultConfigurationIsVisible = 0;
		};
/* End XCConfigurationList section */
	};
	rootObject = D6366A3C1E33820B009324DC /* Project object */;
}
